
Microsoft Visual Studio Solution File, Format Version 12.00
# Visual Studio Version 16
VisualStudioVersion = 16.0.29403.142
MinimumVisualStudioVersion = 10.0.40219.1
Project("{FAE04EC0-301F-11D3-BF4B-00C04F79EFBC}") = "Restaurant Silvana", "Restaurant Silvana\Restaurant Silvana.csproj", "{74FAFF39-85BE-46CD-878F-D26C4471E774}"
EndProject
Global
	GlobalSection(SolutionConfigurationPlatforms) = preSolution
		Debug|Any CPU = Debug|Any CPU
		Release|Any CPU = Release|Any CPU
	EndGlobalSection
	GlobalSection(ProjectConfigurationPlatforms) = postSolution
		{74FAFF39-85BE-46CD-878F-D26C4471E774}.Debug|Any CPU.ActiveCfg = Debug|Any CPU
		{74FAFF39-85BE-46CD-878F-D26C4471E774}.Debug|Any CPU.Build.0 = Debug|Any CPU
		{74FAFF39-85BE-46CD-878F-D26C4471E774}.Release|Any CPU.ActiveCfg = Release|Any CPU
		{74FAFF39-85BE-46CD-878F-D26C4471E774}.Release|Any CPU.Build.0 = Release|Any CPU
	EndGlobalSection
	GlobalSection(SolutionProperties) = preSolution
		HideSolutionNode = FALSE
	EndGlobalSection
	GlobalSection(ExtensibilityGlobals) = postSolution
		SolutionGuid = {F56A5CB0-505F-4673-B51E-31D7C8A4CD40}
	EndGlobalSection
EndGlobal
